
Microsoft Visual Studio Solution File, Format Version 12.00
# Visual Studio Version 17
VisualStudioVersion = 17.13.35913.81
MinimumVisualStudioVersion = 10.0.40219.1
Project("{FAE04EC0-301F-11D3-BF4B-00C04F79EFBC}") = "Catalogo.Domain", "Catalogo.Domain\Catalogo.Domain.csproj", "{A7BE884B-C62B-44CF-980D-391C4115F893}"
EndProject
Project("{FAE04EC0-301F-11D3-BF4B-00C04F79EFBC}") = "Catalogo.Application", "Catalogo.Application\Catalogo.Application.csproj", "{7BCCC9EF-AC7B-4E23-AD50-3CE079140F95}"
EndProject
Project("{FAE04EC0-301F-11D3-BF4B-00C04F79EFBC}") = "Catalogo.CrossCutting", "Catalogo.CrossCutting\Catalogo.CrossCutting.csproj", "{CC478A23-F7FA-4301-8DBF-9AE3677C59D9}"
EndProject
Project("{FAE04EC0-301F-11D3-BF4B-00C04F79EFBC}") = "Catalogo.API", "Catalogo.API\Catalogo.API.csproj", "{5B1AB97E-11DB-1324-E0D5-F7913D240BB5}"
EndProject
Project("{FAE04EC0-301F-11D3-BF4B-00C04F79EFBC}") = "Catalogo.Infrastructure", "Catalogo.Infrastructure\Catalogo.Infrastructure.csproj", "{BF093482-7731-1889-68E6-1B5DBBC1C6C8}"
EndProject
Global
	GlobalSection(SolutionConfigurationPlatforms) = preSolution
		Debug|Any CPU = Debug|Any CPU
		Release|Any CPU = Release|Any CPU
	EndGlobalSection
	GlobalSection(ProjectConfigurationPlatforms) = postSolution
		{A7BE884B-C62B-44CF-980D-391C4115F893}.Debug|Any CPU.ActiveCfg = Debug|Any CPU
		{A7BE884B-C62B-44CF-980D-391C4115F893}.Debug|Any CPU.Build.0 = Debug|Any CPU
		{A7BE884B-C62B-44CF-980D-391C4115F893}.Release|Any CPU.ActiveCfg = Release|Any CPU
		{A7BE884B-C62B-44CF-980D-391C4115F893}.Release|Any CPU.Build.0 = Release|Any CPU
		{7BCCC9EF-AC7B-4E23-AD50-3CE079140F95}.Debug|Any CPU.ActiveCfg = Debug|Any CPU
		{7BCCC9EF-AC7B-4E23-AD50-3CE079140F95}.Debug|Any CPU.Build.0 = Debug|Any CPU
		{7BCCC9EF-AC7B-4E23-AD50-3CE079140F95}.Release|Any CPU.ActiveCfg = Release|Any CPU
		{7BCCC9EF-AC7B-4E23-AD50-3CE079140F95}.Release|Any CPU.Build.0 = Release|Any CPU
		{CC478A23-F7FA-4301-8DBF-9AE3677C59D9}.Debug|Any CPU.ActiveCfg = Debug|Any CPU
		{CC478A23-F7FA-4301-8DBF-9AE3677C59D9}.Debug|Any CPU.Build.0 = Debug|Any CPU
		{CC478A23-F7FA-4301-8DBF-9AE3677C59D9}.Release|Any CPU.ActiveCfg = Release|Any CPU
		{CC478A23-F7FA-4301-8DBF-9AE3677C59D9}.Release|Any CPU.Build.0 = Release|Any CPU
		{5B1AB97E-11DB-1324-E0D5-F7913D240BB5}.Debug|Any CPU.ActiveCfg = Debug|Any CPU
		{5B1AB97E-11DB-1324-E0D5-F7913D240BB5}.Debug|Any CPU.Build.0 = Debug|Any CPU
		{5B1AB97E-11DB-1324-E0D5-F7913D240BB5}.Release|Any CPU.ActiveCfg = Release|Any CPU
		{5B1AB97E-11DB-1324-E0D5-F7913D240BB5}.Release|Any CPU.Build.0 = Release|Any CPU
		{BF093482-7731-1889-68E6-1B5DBBC1C6C8}.Debug|Any CPU.ActiveCfg = Debug|Any CPU
		{BF093482-7731-1889-68E6-1B5DBBC1C6C8}.Debug|Any CPU.Build.0 = Debug|Any CPU
		{BF093482-7731-1889-68E6-1B5DBBC1C6C8}.Release|Any CPU.ActiveCfg = Release|Any CPU
		{BF093482-7731-1889-68E6-1B5DBBC1C6C8}.Release|Any CPU.Build.0 = Release|Any CPU
	EndGlobalSection
	GlobalSection(SolutionProperties) = preSolution
		HideSolutionNode = FALSE
	EndGlobalSection
	GlobalSection(ExtensibilityGlobals) = postSolution
		SolutionGuid = {50CADB0B-A6BB-41E6-BF0B-83DC0AD6C7B1}
	EndGlobalSection
EndGlobal
